
Microsoft Visual Studio Solution File, Format Version 12.00
# Visual Studio Version 17
VisualStudioVersion = 17.7.34202.233
MinimumVisualStudioVersion = 10.0.40219.1
Project("{FAE04EC0-301F-11D3-BF4B-00C04F79EFBC}") = "PerfectNumberWithPrime", "PerfectNumberWithPrime\PerfectNumberWithPrime.csproj", "{CA113370-FCDF-4EDE-B7C9-682375B7FB15}"
EndProject
Global
	GlobalSection(SolutionConfigurationPlatforms) = preSolution
		Debug|Any CPU = Debug|Any CPU
		Release|Any CPU = Release|Any CPU
	EndGlobalSection
	GlobalSection(ProjectConfigurationPlatforms) = postSolution
		{CA113370-FCDF-4EDE-B7C9-682375B7FB15}.Debug|Any CPU.ActiveCfg = Debug|Any CPU
		{CA113370-FCDF-4EDE-B7C9-682375B7FB15}.Debug|Any CPU.Build.0 = Debug|Any CPU
		{CA113370-FCDF-4EDE-B7C9-682375B7FB15}.Release|Any CPU.ActiveCfg = Release|Any CPU
		{CA113370-FCDF-4EDE-B7C9-682375B7FB15}.Release|Any CPU.Build.0 = Release|Any CPU
	EndGlobalSection
	GlobalSection(SolutionProperties) = preSolution
		HideSolutionNode = FALSE
	EndGlobalSection
	GlobalSection(ExtensibilityGlobals) = postSolution
		SolutionGuid = {428CC2C9-1687-4D02-B8D0-A2C08A04131E}
	EndGlobalSection
EndGlobal
