
Microsoft Visual Studio Solution File, Format Version 12.00
# Visual Studio Version 17
VisualStudioVersion = 17.7.34202.233
MinimumVisualStudioVersion = 10.0.40219.1
Project("{FAE04EC0-301F-11D3-BF4B-00C04F79EFBC}") = "InterfacesDemo", "InterfacesDemo\InterfacesDemo.csproj", "{9902913C-36B6-439C-8871-C8CBC50DD96D}"
EndProject
Global
	GlobalSection(SolutionConfigurationPlatforms) = preSolution
		Debug|Any CPU = Debug|Any CPU
		Release|Any CPU = Release|Any CPU
	EndGlobalSection
	GlobalSection(ProjectConfigurationPlatforms) = postSolution
		{9902913C-36B6-439C-8871-C8CBC50DD96D}.Debug|Any CPU.ActiveCfg = Debug|Any CPU
		{9902913C-36B6-439C-8871-C8CBC50DD96D}.Debug|Any CPU.Build.0 = Debug|Any CPU
		{9902913C-36B6-439C-8871-C8CBC50DD96D}.Release|Any CPU.ActiveCfg = Release|Any CPU
		{9902913C-36B6-439C-8871-C8CBC50DD96D}.Release|Any CPU.Build.0 = Release|Any CPU
	EndGlobalSection
	GlobalSection(SolutionProperties) = preSolution
		HideSolutionNode = FALSE
	EndGlobalSection
	GlobalSection(ExtensibilityGlobals) = postSolution
		SolutionGuid = {7CD6FEBD-A0A3-43A9-B005-8A6E2C733E61}
	EndGlobalSection
EndGlobal
