
Microsoft Visual Studio Solution File, Format Version 12.00
# Visual Studio Version 17
VisualStudioVersion = 17.7.34202.233
MinimumVisualStudioVersion = 10.0.40219.1
Project("{FAE04EC0-301F-11D3-BF4B-00C04F79EFBC}") = "TypesAndVariables", "TypesAndVariables\TypesAndVariables.csproj", "{ED7106AD-6091-4FAE-A141-CC2B4216654B}"
EndProject
Global
	GlobalSection(SolutionConfigurationPlatforms) = preSolution
		Debug|Any CPU = Debug|Any CPU
		Release|Any CPU = Release|Any CPU
	EndGlobalSection
	GlobalSection(ProjectConfigurationPlatforms) = postSolution
		{ED7106AD-6091-4FAE-A141-CC2B4216654B}.Debug|Any CPU.ActiveCfg = Debug|Any CPU
		{ED7106AD-6091-4FAE-A141-CC2B4216654B}.Debug|Any CPU.Build.0 = Debug|Any CPU
		{ED7106AD-6091-4FAE-A141-CC2B4216654B}.Release|Any CPU.ActiveCfg = Release|Any CPU
		{ED7106AD-6091-4FAE-A141-CC2B4216654B}.Release|Any CPU.Build.0 = Release|Any CPU
	EndGlobalSection
	GlobalSection(SolutionProperties) = preSolution
		HideSolutionNode = FALSE
	EndGlobalSection
	GlobalSection(ExtensibilityGlobals) = postSolution
		SolutionGuid = {60689227-704C-4542-8F35-02170FE66ACC}
	EndGlobalSection
EndGlobal
