
Microsoft Visual Studio Solution File, Format Version 12.00
# Visual Studio Version 17
VisualStudioVersion = 17.7.34202.233
MinimumVisualStudioVersion = 10.0.40219.1
Project("{FAE04EC0-301F-11D3-BF4B-00C04F79EFBC}") = "MethodsKamp", "MethodsKamp\MethodsKamp.csproj", "{9954DC28-752C-46DE-9482-D01357D2F96F}"
EndProject
Global
	GlobalSection(SolutionConfigurationPlatforms) = preSolution
		Debug|Any CPU = Debug|Any CPU
		Release|Any CPU = Release|Any CPU
	EndGlobalSection
	GlobalSection(ProjectConfigurationPlatforms) = postSolution
		{9954DC28-752C-46DE-9482-D01357D2F96F}.Debug|Any CPU.ActiveCfg = Debug|Any CPU
		{9954DC28-752C-46DE-9482-D01357D2F96F}.Debug|Any CPU.Build.0 = Debug|Any CPU
		{9954DC28-752C-46DE-9482-D01357D2F96F}.Release|Any CPU.ActiveCfg = Release|Any CPU
		{9954DC28-752C-46DE-9482-D01357D2F96F}.Release|Any CPU.Build.0 = Release|Any CPU
	EndGlobalSection
	GlobalSection(SolutionProperties) = preSolution
		HideSolutionNode = FALSE
	EndGlobalSection
	GlobalSection(ExtensibilityGlobals) = postSolution
		SolutionGuid = {31F484B7-37D6-4220-8111-D87BD1482071}
	EndGlobalSection
EndGlobal
