
Microsoft Visual Studio Solution File, Format Version 12.00
# Visual Studio Version 17
VisualStudioVersion = 17.7.34202.233
MinimumVisualStudioVersion = 10.0.40219.1
Project("{FAE04EC0-301F-11D3-BF4B-00C04F79EFBC}") = "Oop3", "Oop3\Oop3.csproj", "{40E6C0F5-AA18-43B8-BC3C-A74AB8EC5BED}"
EndProject
Global
	GlobalSection(SolutionConfigurationPlatforms) = preSolution
		Debug|Any CPU = Debug|Any CPU
		Release|Any CPU = Release|Any CPU
	EndGlobalSection
	GlobalSection(ProjectConfigurationPlatforms) = postSolution
		{40E6C0F5-AA18-43B8-BC3C-A74AB8EC5BED}.Debug|Any CPU.ActiveCfg = Debug|Any CPU
		{40E6C0F5-AA18-43B8-BC3C-A74AB8EC5BED}.Debug|Any CPU.Build.0 = Debug|Any CPU
		{40E6C0F5-AA18-43B8-BC3C-A74AB8EC5BED}.Release|Any CPU.ActiveCfg = Release|Any CPU
		{40E6C0F5-AA18-43B8-BC3C-A74AB8EC5BED}.Release|Any CPU.Build.0 = Release|Any CPU
	EndGlobalSection
	GlobalSection(SolutionProperties) = preSolution
		HideSolutionNode = FALSE
	EndGlobalSection
	GlobalSection(ExtensibilityGlobals) = postSolution
		SolutionGuid = {4468E7C4-D8FC-4393-A559-249F1F96D8F2}
	EndGlobalSection
EndGlobal
