
Microsoft Visual Studio Solution File, Format Version 12.00
# Visual Studio Version 17
VisualStudioVersion = 17.7.34202.233
MinimumVisualStudioVersion = 10.0.40219.1
Project("{FAE04EC0-301F-11D3-BF4B-00C04F79EFBC}") = "Interface", "Interface\Interface.csproj", "{EE44F375-6478-4B03-9281-B024461FDE08}"
EndProject
Global
	GlobalSection(SolutionConfigurationPlatforms) = preSolution
		Debug|Any CPU = Debug|Any CPU
		Release|Any CPU = Release|Any CPU
	EndGlobalSection
	GlobalSection(ProjectConfigurationPlatforms) = postSolution
		{EE44F375-6478-4B03-9281-B024461FDE08}.Debug|Any CPU.ActiveCfg = Debug|Any CPU
		{EE44F375-6478-4B03-9281-B024461FDE08}.Debug|Any CPU.Build.0 = Debug|Any CPU
		{EE44F375-6478-4B03-9281-B024461FDE08}.Release|Any CPU.ActiveCfg = Release|Any CPU
		{EE44F375-6478-4B03-9281-B024461FDE08}.Release|Any CPU.Build.0 = Release|Any CPU
	EndGlobalSection
	GlobalSection(SolutionProperties) = preSolution
		HideSolutionNode = FALSE
	EndGlobalSection
	GlobalSection(ExtensibilityGlobals) = postSolution
		SolutionGuid = {4DEDD05E-61F8-4E57-B7BF-0A9DB603C91A}
	EndGlobalSection
EndGlobal
